
Microsoft Visual Studio Solution File, Format Version 12.00
# Visual Studio Version 17
VisualStudioVersion = 17.0.31903.59
MinimumVisualStudioVersion = 10.0.40219.1
Project("{FAE04EC0-301F-11D3-BF4B-00C04F79EFBC}") = "Jiro.Commands", "Jiro.Commands\Jiro.Commands.csproj", "{9B3A35C8-6D19-464C-9806-35152646C1FA}"
EndProject
Project("{FAE04EC0-301F-11D3-BF4B-00C04F79EFBC}") = "Jiro.Commands.Tests", "Jiro.Commands.Tests\Jiro.Commands.Tests.csproj", "{A1B2C3D4-E5F6-7890-1234-567890ABCDEF}"
EndProject
Global
	GlobalSection(SolutionConfigurationPlatforms) = preSolution
		Debug|Any CPU = Debug|Any CPU
		Debug|x64 = Debug|x64
		Debug|x86 = Debug|x86
		Release|Any CPU = Release|Any CPU
		Release|x64 = Release|x64
		Release|x86 = Release|x86
	EndGlobalSection
	GlobalSection(ProjectConfigurationPlatforms) = postSolution
		{9B3A35C8-6D19-464C-9806-35152646C1FA}.Debug|Any CPU.ActiveCfg = Debug|Any CPU
		{9B3A35C8-6D19-464C-9806-35152646C1FA}.Debug|Any CPU.Build.0 = Debug|Any CPU
		{9B3A35C8-6D19-464C-9806-35152646C1FA}.Debug|x64.ActiveCfg = Debug|Any CPU
		{9B3A35C8-6D19-464C-9806-35152646C1FA}.Debug|x64.Build.0 = Debug|Any CPU
		{9B3A35C8-6D19-464C-9806-35152646C1FA}.Debug|x86.ActiveCfg = Debug|Any CPU
		{9B3A35C8-6D19-464C-9806-35152646C1FA}.Debug|x86.Build.0 = Debug|Any CPU
		{9B3A35C8-6D19-464C-9806-35152646C1FA}.Release|Any CPU.ActiveCfg = Release|Any CPU
		{9B3A35C8-6D19-464C-9806-35152646C1FA}.Release|Any CPU.Build.0 = Release|Any CPU
		{9B3A35C8-6D19-464C-9806-35152646C1FA}.Release|x64.ActiveCfg = Release|Any CPU
		{9B3A35C8-6D19-464C-9806-35152646C1FA}.Release|x64.Build.0 = Release|Any CPU
		{9B3A35C8-6D19-464C-9806-35152646C1FA}.Release|x86.ActiveCfg = Release|Any CPU
		{9B3A35C8-6D19-464C-9806-35152646C1FA}.Release|x86.Build.0 = Release|Any CPU
		{A1B2C3D4-E5F6-7890-1234-567890ABCDEF}.Debug|Any CPU.ActiveCfg = Debug|Any CPU
		{A1B2C3D4-E5F6-7890-1234-567890ABCDEF}.Debug|Any CPU.Build.0 = Debug|Any CPU
		{A1B2C3D4-E5F6-7890-1234-567890ABCDEF}.Debug|x64.ActiveCfg = Debug|Any CPU
		{A1B2C3D4-E5F6-7890-1234-567890ABCDEF}.Debug|x64.Build.0 = Debug|Any CPU
		{A1B2C3D4-E5F6-7890-1234-567890ABCDEF}.Debug|x86.ActiveCfg = Debug|Any CPU
		{A1B2C3D4-E5F6-7890-1234-567890ABCDEF}.Debug|x86.Build.0 = Debug|Any CPU
		{A1B2C3D4-E5F6-7890-1234-567890ABCDEF}.Release|Any CPU.ActiveCfg = Release|Any CPU
		{A1B2C3D4-E5F6-7890-1234-567890ABCDEF}.Release|Any CPU.Build.0 = Release|Any CPU
		{A1B2C3D4-E5F6-7890-1234-567890ABCDEF}.Release|x64.ActiveCfg = Release|Any CPU
		{A1B2C3D4-E5F6-7890-1234-567890ABCDEF}.Release|x64.Build.0 = Release|Any CPU
		{A1B2C3D4-E5F6-7890-1234-567890ABCDEF}.Release|x86.ActiveCfg = Release|Any CPU
		{A1B2C3D4-E5F6-7890-1234-567890ABCDEF}.Release|x86.Build.0 = Release|Any CPU
	EndGlobalSection
	GlobalSection(SolutionProperties) = preSolution
		HideSolutionNode = FALSE
	EndGlobalSection
EndGlobal
